
Microsoft Visual Studio Solution File, Format Version 12.00
# Visual Studio 15
VisualStudioVersion = 15.0.27703.2047
MinimumVisualStudioVersion = 10.0.40219.1
Project("{FAE04EC0-301F-11D3-BF4B-00C04F79EFBC}") = "UnitySample", "UnitySample.csproj", "{DEEB664B-1983-9C18-FE6C-C81C9315A41A}"
EndProject
Global
	GlobalSection(SolutionConfigurationPlatforms) = preSolution
		Debug|Any CPU = Debug|Any CPU
		Release|Any CPU = Release|Any CPU
	EndGlobalSection
	GlobalSection(ProjectConfigurationPlatforms) = postSolution
		{DEEB664B-1983-9C18-FE6C-C81C9315A41A}.Debug|Any CPU.ActiveCfg = Debug|Any CPU
		{DEEB664B-1983-9C18-FE6C-C81C9315A41A}.Debug|Any CPU.Build.0 = Debug|Any CPU
		{DEEB664B-1983-9C18-FE6C-C81C9315A41A}.Release|Any CPU.ActiveCfg = Release|Any CPU
		{DEEB664B-1983-9C18-FE6C-C81C9315A41A}.Release|Any CPU.Build.0 = Release|Any CPU
	EndGlobalSection
	GlobalSection(SolutionProperties) = preSolution
		HideSolutionNode = FALSE
	EndGlobalSection
	GlobalSection(ExtensibilityGlobals) = postSolution
		SolutionGuid = {39B912AA-76D8-4298-9FFD-C99A2D945460}
	EndGlobalSection
EndGlobal
